// !$*UTF8*$!
{
	archiveVersion = 1;
	classes = {
	};
	objectVersion = 46;
	objects = {

/* Begin PBXBuildFile section */
		447CA45415CA724D00DA3AC5 /* UIKit.framework in Frameworks */ = {isa = PBXBuildFile; fileRef = 447CA45315CA724D00DA3AC5 /* UIKit.framework */; };
		447CA45615CA724D00DA3AC5 /* Foundation.framework in Frameworks */ = {isa = PBXBuildFile; fileRef = 447CA45515CA724D00DA3AC5 /* Foundation.framework */; };
		447CA45815CA724D00DA3AC5 /* CoreGraphics.framework in Frameworks */ = {isa = PBXBuildFile; fileRef = 447CA45715CA724D00DA3AC5 /* CoreGraphics.framework */; };
		447CA45E15CA724D00DA3AC5 /* InfoPlist.strings in Resources */ = {isa = PBXBuildFile; fileRef = 447CA45C15CA724D00DA3AC5 /* InfoPlist.strings */; };
		447CA46015CA724D00DA3AC5 /* main.m in Sources */ = {isa = PBXBuildFile; fileRef = 447CA45F15CA724D00DA3AC5 /* main.m */; };
		447CA46415CA724D00DA3AC5 /* AppDelegate.m in Sources */ = {isa = PBXBuildFile; fileRef = 447CA46315CA724D00DA3AC5 /* AppDelegate.m */; };
		447CA46715CA724D00DA3AC5 /* ViewController.m in Sources */ = {isa = PBXBuildFile; fileRef = 447CA46615CA724D00DA3AC5 /* ViewController.m */; };
		447CA46A15CA724D00DA3AC5 /* ViewController.xib in Resources */ = {isa = PBXBuildFile; fileRef = 447CA46815CA724D00DA3AC5 /* ViewController.xib */; };
/* End PBXBuildFile section */

/* Begin PBXFileReference section */
		447CA44F15CA724D00DA3AC5 /* GitCode.app */ = {isa = PBXFileReference; explicitFileType = wrapper.application; includeInIndex = 0; path = GitCode.app; sourceTree = BUILT_PRODUCTS_DIR; };
		447CA45315CA724D00DA3AC5 /* UIKit.framework */ = {isa = PBXFileReference; lastKnownFileType = wrapper.framework; name = UIKit.framework; path = System/Library/Frameworks/UIKit.framework; sourceTree = SDKROOT; };
		447CA45515CA724D00DA3AC5 /* Foundation.framework */ = {isa = PBXFileReference; lastKnownFileType = wrapper.framework; name = Foundation.framework; path = System/Library/Frameworks/Foundation.framework; sourceTree = SDKROOT; };
		447CA45715CA724D00DA3AC5 /* CoreGraphics.framework */ = {isa = PBXFileReference; lastKnownFileType = wrapper.framework; name = CoreGraphics.framework; path = System/Library/Frameworks/CoreGraphics.framework; sourceTree = SDKROOT; };
		447CA45B15CA724D00DA3AC5 /* GitCode-Info.plist */ = {isa = PBXFileReference; lastKnownFileType = text.plist.xml; path = "GitCode-Info.plist"; sourceTree = "<group>"; };
		447CA45D15CA724D00DA3AC5 /* en */ = {isa = PBXFileReference; lastKnownFileType = text.plist.strings; name = en; path = en.lproj/InfoPlist.strings; sourceTree = "<group>"; };
		447CA45F15CA724D00DA3AC5 /* main.m */ = {isa = PBXFileReference; lastKnownFileType = sourcecode.c.objc; path = main.m; sourceTree = "<group>"; };
		447CA46115CA724D00DA3AC5 /* GitCode-Prefix.pch */ = {isa = PBXFileReference; lastKnownFileType = sourcecode.c.h; path = "GitCode-Prefix.pch"; sourceTree = "<group>"; };
		447CA46215CA724D00DA3AC5 /* AppDelegate.h */ = {isa = PBXFileReference; lastKnownFileType = sourcecode.c.h; path = AppDelegate.h; sourceTree = "<group>"; };
		447CA46315CA724D00DA3AC5 /* AppDelegate.m */ = {isa = PBXFileReference; lastKnownFileType = sourcecode.c.objc; path = AppDelegate.m; sourceTree = "<group>"; };
		447CA46515CA724D00DA3AC5 /* ViewController.h */ = {isa = PBXFileReference; lastKnownFileType = sourcecode.c.h; path = ViewController.h; sourceTree = "<group>"; };
		447CA46615CA724D00DA3AC5 /* ViewController.m */ = {isa = PBXFileReference; lastKnownFileType = sourcecode.c.objc; path = ViewController.m; sourceTree = "<group>"; };
		447CA46915CA724D00DA3AC5 /* en */ = {isa = PBXFileReference; lastKnownFileType = file.xib; name = en; path = en.lproj/ViewController.xib; sourceTree = "<group>"; };
/* End PBXFileReference section */

/* Begin PBXFrameworksBuildPhase section */
		447CA44C15CA724D00DA3AC5 /* Frameworks */ = {
			isa = PBXFrameworksBuildPhase;
			buildActionMask = 2147483647;
			files = (
				447CA45415CA724D00DA3AC5 /* UIKit.framework in Frameworks */,
				447CA45615CA724D00DA3AC5 /* Foundation.framework in Frameworks */,
				447CA45815CA724D00DA3AC5 /* CoreGraphics.framework in Frameworks */,
			);
			runOnlyForDeploymentPostprocessing = 0;
		};
/* End PBXFrameworksBuildPhase section */

/* Begin PBXGroup section */
		447CA44415CA724D00DA3AC5 = {
			isa = PBXGroup;
			children = (
				447CA45915CA724D00DA3AC5 /* GitCode */,
				447CA45215CA724D00DA3AC5 /* Frameworks */,
				447CA45015CA724D00DA3AC5 /* Products */,
			);
			sourceTree = "<group>";
		};
		447CA45015CA724D00DA3AC5 /* Products */ = {
			isa = PBXGroup;
			children = (
				447CA44F15CA724D00DA3AC5 /* GitCode.app */,
			);
			name = Products;
			sourceTree = "<group>";
		};
		447CA45215CA724D00DA3AC5 /* Frameworks */ = {
			isa = PBXGroup;
			children = (
				447CA45315CA724D00DA3AC5 /* UIKit.framework */,
				447CA45515CA724D00DA3AC5 /* Foundation.framework */,
				447CA45715CA724D00DA3AC5 /* CoreGraphics.framework */,
			);
			name = Frameworks;
			sourceTree = "<group>";
		};
		447CA45915CA724D00DA3AC5 /* GitCode */ = {
			isa = PBXGroup;
			children = (
				447CA46215CA724D00DA3AC5 /* AppDelegate.h */,
				447CA46315CA724D00DA3AC5 /* AppDelegate.m */,
				447CA46515CA724D00DA3AC5 /* ViewController.h */,
				447CA46615CA724D00DA3AC5 /* ViewController.m */,
				447CA46815CA724D00DA3AC5 /* ViewController.xib */,
				447CA45A15CA724D00DA3AC5 /* Supporting Files */,
			);
			path = GitCode;
			sourceTree = "<group>";
		};
		447CA45A15CA724D00DA3AC5 /* Supporting Files */ = {
			isa = PBXGroup;
			children = (
				447CA45B15CA724D00DA3AC5 /* GitCode-Info.plist */,
				447CA45C15CA724D00DA3AC5 /* InfoPlist.strings */,
				447CA45F15CA724D00DA3AC5 /* main.m */,
				447CA46115CA724D00DA3AC5 /* GitCode-Prefix.pch */,
			);
			name = "Supporting Files";
			sourceTree = "<group>";
		};
/* End PBXGroup section */

/* Begin PBXNativeTarget section */
		447CA44E15CA724D00DA3AC5 /* GitCode */ = {
			isa = PBXNativeTarget;
			buildConfigurationList = 447CA46D15CA724D00DA3AC5 /* Build configuration list for PBXNativeTarget "GitCode" */;
			buildPhases = (
				447CA44B15CA724D00DA3AC5 /* Sources */,
				447CA44C15CA724D00DA3AC5 /* Frameworks */,
				447CA44D15CA724D00DA3AC5 /* Resources */,
			);
			buildRules = (
			);
			dependencies = (
			);
			name = GitCode;
			productName = GitCode;
			productReference = 447CA44F15CA724D00DA3AC5 /* GitCode.app */;
			productType = "com.apple.product-type.application";
		};
/* End PBXNativeTarget section */

/* Begin PBXProject section */
		447CA44615CA724D00DA3AC5 /* Project object */ = {
			isa = PBXProject;
			attributes = {
				LastUpgradeCheck = 0430;
				ORGANIZATIONNAME = _DayDreamer_;
			};
			buildConfigurationList = 447CA44915CA724D00DA3AC5 /* Build configuration list for PBXProject "GitCode" */;
			compatibilityVersion = "Xcode 3.2";
			developmentRegion = English;
			hasScannedForEncodings = 0;
			knownRegions = (
				en,
			);
			mainGroup = 447CA44415CA724D00DA3AC5;
			productRefGroup = 447CA45015CA724D00DA3AC5 /* Products */;
			projectDirPath = "";
			projectRoot = "";
			targets = (
				447CA44E15CA724D00DA3AC5 /* GitCode */,
			);
		};
/* End PBXProject section */

/* Begin PBXResourcesBuildPhase section */
		447CA44D15CA724D00DA3AC5 /* Resources */ = {
			isa = PBXResourcesBuildPhase;
			buildActionMask = 2147483647;
			files = (
				447CA45E15CA724D00DA3AC5 /* InfoPlist.strings in Resources */,
				447CA46A15CA724D00DA3AC5 /* ViewController.xib in Resources */,
			);
			runOnlyForDeploymentPostprocessing = 0;
		};
/* End PBXResourcesBuildPhase section */

/* Begin PBXSourcesBuildPhase section */
		447CA44B15CA724D00DA3AC5 /* Sources */ = {
			isa = PBXSourcesBuildPhase;
			buildActionMask = 2147483647;
			files = (
				447CA46015CA724D00DA3AC5 /* main.m in Sources */,
				447CA46415CA724D00DA3AC5 /* AppDelegate.m in Sources */,
				447CA46715CA724D00DA3AC5 /* ViewController.m in Sources */,
			);
			runOnlyForDeploymentPostprocessing = 0;
		};
/* End PBXSourcesBuildPhase section */

/* Begin PBXVariantGroup section */
		447CA45C15CA724D00DA3AC5 /* InfoPlist.strings */ = {
			isa = PBXVariantGroup;
			children = (
				447CA45D15CA724D00DA3AC5 /* en */,
			);
			name = InfoPlist.strings;
			sourceTree = "<group>";
		};
		447CA46815CA724D00DA3AC5 /* ViewController.xib */ = {
			isa = PBXVariantGroup;
			children = (
				447CA46915CA724D00DA3AC5 /* en */,
			);
			name = ViewController.xib;
			sourceTree = "<group>";
		};
/* End PBXVariantGroup section */

/* Begin XCBuildConfiguration section */
		447CA46B15CA724D00DA3AC5 /* Debug */ = {
			isa = XCBuildConfiguration;
			buildSettings = {
				ALWAYS_SEARCH_USER_PATHS = NO;
				ARCHS = "$(ARCHS_STANDARD_32_BIT)";
				"CODE_SIGN_IDENTITY[sdk=iphoneos*]" = "iPhone Developer";
				COPY_PHASE_STRIP = NO;
				GCC_C_LANGUAGE_STANDARD = gnu99;
				GCC_DYNAMIC_NO_PIC = NO;
				GCC_OPTIMIZATION_LEVEL = 0;
				GCC_PREPROCESSOR_DEFINITIONS = (
					"DEBUG=1",
					"$(inherited)",
				);
				GCC_SYMBOLS_PRIVATE_EXTERN = NO;
				GCC_VERSION = com.apple.compilers.llvm.clang.1_0;
				GCC_WARN_ABOUT_RETURN_TYPE = YES;
				GCC_WARN_UNINITIALIZED_AUTOS = YES;
				GCC_WARN_UNUSED_VARIABLE = YES;
				IPHONEOS_DEPLOYMENT_TARGET = 5.1;
				SDKROOT = iphoneos;
			};
			name = Debug;
		};
		447CA46C15CA724D00DA3AC5 /* Release */ = {
			isa = XCBuildConfiguration;
			buildSettings = {
				ALWAYS_SEARCH_USER_PATHS = NO;
				ARCHS = "$(ARCHS_STANDARD_32_BIT)";
				"CODE_SIGN_IDENTITY[sdk=iphoneos*]" = "iPhone Developer";
				COPY_PHASE_STRIP = YES;
				GCC_C_LANGUAGE_STANDARD = gnu99;
				GCC_VERSION = com.apple.compilers.llvm.clang.1_0;
				GCC_WARN_ABOUT_RETURN_TYPE = YES;
				GCC_WARN_UNINITIALIZED_AUTOS = YES;
				GCC_WARN_UNUSED_VARIABLE = YES;
				IPHONEOS_DEPLOYMENT_TARGET = 5.1;
				OTHER_CFLAGS = "-DNS_BLOCK_ASSERTIONS=1";
				SDKROOT = iphoneos;
				VALIDATE_PRODUCT = YES;
			};
			name = Release;
		};
		447CA46E15CA724D00DA3AC5 /* Debug */ = {
			isa = XCBuildConfiguration;
			buildSettings = {
				GCC_PRECOMPILE_PREFIX_HEADER = YES;
				GCC_PREFIX_HEADER = "GitCode/GitCode-Prefix.pch";
				INFOPLIST_FILE = "GitCode/GitCode-Info.plist";
				PRODUCT_NAME = "$(TARGET_NAME)";
				WRAPPER_EXTENSION = app;
			};
			name = Debug;
		};
		447CA46F15CA724D00DA3AC5 /* Release */ = {
			isa = XCBuildConfiguration;
			buildSettings = {
				GCC_PRECOMPILE_PREFIX_HEADER = YES;
				GCC_PREFIX_HEADER = "GitCode/GitCode-Prefix.pch";
				INFOPLIST_FILE = "GitCode/GitCode-Info.plist";
				PRODUCT_NAME = "$(TARGET_NAME)";
				WRAPPER_EXTENSION = app;
			};
			name = Release;
		};
/* End XCBuildConfiguration section */

/* Begin XCConfigurationList section */
		447CA44915CA724D00DA3AC5 /* Build configuration list for PBXProject "GitCode" */ = {
			isa = XCConfigurationList;
			buildConfigurations = (
				447CA46B15CA724D00DA3AC5 /* Debug */,
				447CA46C15CA724D00DA3AC5 /* Release */,
			);
			defaultConfigurationIsVisible = 0;
			defaultConfigurationName = Release;
		};
		447CA46D15CA724D00DA3AC5 /* Build configuration list for PBXNativeTarget "GitCode" */ = {
			isa = XCConfigurationList;
			buildConfigurations = (
				447CA46E15CA724D00DA3AC5 /* Debug */,
				447CA46F15CA724D00DA3AC5 /* Release */,
			);
			defaultConfigurationIsVisible = 0;
		};
/* End XCConfigurationList section */
	};
	rootObject = 447CA44615CA724D00DA3AC5 /* Project object */;
}
